
Microsoft Visual Studio Solution File, Format Version 12.00
# Visual Studio Version 17
VisualStudioVersion = 17.0.31903.59
MinimumVisualStudioVersion = 10.0.40219.1
Project("{FAE04EC0-301F-11D3-BF4B-00C04F79EFBC}") = "Lab7", "Lab7\Lab7.csproj", "{FD2D8107-8459-4021-96DA-49B9FFE2B6E8}"
EndProject
Global
	GlobalSection(SolutionConfigurationPlatforms) = preSolution
		Debug|Any CPU = Debug|Any CPU
		Release|Any CPU = Release|Any CPU
	EndGlobalSection
	GlobalSection(SolutionProperties) = preSolution
		HideSolutionNode = FALSE
	EndGlobalSection
	GlobalSection(ProjectConfigurationPlatforms) = postSolution
		{FD2D8107-8459-4021-96DA-49B9FFE2B6E8}.Debug|Any CPU.ActiveCfg = Debug|Any CPU
		{FD2D8107-8459-4021-96DA-49B9FFE2B6E8}.Debug|Any CPU.Build.0 = Debug|Any CPU
		{FD2D8107-8459-4021-96DA-49B9FFE2B6E8}.Release|Any CPU.ActiveCfg = Release|Any CPU
		{FD2D8107-8459-4021-96DA-49B9FFE2B6E8}.Release|Any CPU.Build.0 = Release|Any CPU
	EndGlobalSection
EndGlobal
